<?xml version="1.0" encoding="utf-8"?>
<Project ToolsVersion="4.0" xmlns="http://schemas.microsoft.com/developer/msbuild/2003">
  <ItemGroup>
    <ClCompile Include="ADOAsync.cpp" />
    <ClCompile Include="..\..\..\..\Library\UtilCore\DB\ADO\AdoDB.cpp">
      <Filter>UtilCore\DB\ADO</Filter>
    </ClCompile>
    <ClCompile Include="..\..\..\..\Library\UtilCore\JSON\RapidJSONUtil.cpp">
      <Filter>UtilCore\JSON</Filter>
    </ClCompile>
    <ClCompile Include="..\..\..\..\Library\UtilCore\Memory\Allocator.cpp">
      <Filter>UtilCore\Memory</Filter>
    </ClCompile>
    <ClCompile Include="..\..\..\..\Library\UtilCore\Memory\Memory.cpp">
      <Filter>UtilCore\Memory</Filter>
    </ClCompile>
    <ClCompile Include="..\..\..\..\Library\UtilCore\Memory\MemoryPool.cpp">
      <Filter>UtilCore\Memory</Filter>
    </ClCompile>
    <ClCompile Include="..\..\..\..\Library\UtilCore\Thread\DeadLockProfiler.cpp">
      <Filter>UtilCore\Thread</Filter>
    </ClCompile>
    <ClCompile Include="..\..\..\..\Library\UtilCore\Thread\ThreadManager.cpp">
      <Filter>UtilCore\Thread</Filter>
    </ClCompile>
    <ClCompile Include="..\..\..\..\Library\UtilCore\Util\CommonUtil.cpp">
      <Filter>UtilCore\Util</Filter>
    </ClCompile>
    <ClCompile Include="..\..\..\..\Library\UtilCore\Util\Log.cpp">
      <Filter>UtilCore\Util</Filter>
    </ClCompile>
    <ClCompile Include="..\..\..\..\Library\UtilCore\BaseGlobal.cpp">
      <Filter>UtilCore</Filter>
    </ClCompile>
    <ClCompile Include="..\..\..\..\Library\UtilCore\BaseTLS.cpp">
      <Filter>UtilCore</Filter>
    </ClCompile>
    <ClCompile Include="..\..\..\..\Library\UtilCore\ServerConfig.cpp">
      <Filter>UtilCore</Filter>
    </ClCompile>
    <ClCompile Include="DBAsyncHandler.cpp" />
    <ClCompile Include="pch.cpp" />
    <ClCompile Include="..\..\..\..\Library\UtilCore\DB\ADO\AdoConnPool.cpp">
      <Filter>UtilCore\DB\ADO</Filter>
    </ClCompile>
    <ClCompile Include="..\..\..\..\Library\UtilCore\DB\ADO\AdoAsyncSrv.cpp">
      <Filter>UtilCore\DB\ADO</Filter>
    </ClCompile>
    <ClCompile Include="..\..\..\..\Library\UtilCore\Util\WinCharsetConv.cpp">
      <Filter>UtilCore\Util</Filter>
    </ClCompile>
    <ClCompile Include="..\..\..\..\Library\UtilCore\Util\EncodingConvert.cpp">
      <Filter>UtilCore\Util</Filter>
    </ClCompile>
    <ClCompile Include="..\..\..\..\Library\UtilCore\Thread\SRWLock.cpp">
      <Filter>UtilCore\Thread</Filter>
    </ClCompile>
  </ItemGroup>
  <ItemGroup>
    <Filter Include="UtilCore">
      <UniqueIdentifier>{f62827c0-7fab-4621-9842-05d03d352ac5}</UniqueIdentifier>
    </Filter>
    <Filter Include="UtilCore\DB">
      <UniqueIdentifier>{6fa8af24-56a6-4775-a088-cafe71c7886c}</UniqueIdentifier>
    </Filter>
    <Filter Include="UtilCore\DB\ADO">
      <UniqueIdentifier>{6135878b-90fa-4b55-8adf-e86b2637cec3}</UniqueIdentifier>
    </Filter>
    <Filter Include="UtilCore\JSON">
      <UniqueIdentifier>{916596c8-50ba-4946-9506-ee1e838148fd}</UniqueIdentifier>
    </Filter>
    <Filter Include="UtilCore\Memory">
      <UniqueIdentifier>{66bf0863-95ca-40bc-b29b-cf4a8cdfd15b}</UniqueIdentifier>
    </Filter>
    <Filter Include="UtilCore\Thread">
      <UniqueIdentifier>{f231e309-5c3e-4d85-8e74-fe64d316d6ec}</UniqueIdentifier>
    </Filter>
    <Filter Include="UtilCore\Util">
      <UniqueIdentifier>{782c1cfe-ce08-4a55-937a-e31e9498e3fb}</UniqueIdentifier>
    </Filter>
    <Filter Include="UtilCore\Containers">
      <UniqueIdentifier>{3f6df209-a424-4bd1-937d-e93eaf3d7471}</UniqueIdentifier>
    </Filter>
    <Filter Include="UtilCore\Containers\Queue">
      <UniqueIdentifier>{30bf1128-3c7f-4a19-990b-2155fe52a856}</UniqueIdentifier>
    </Filter>
  </ItemGroup>
  <ItemGroup>
    <ClInclude Include="..\..\..\..\Library\UtilCore\DB\ADO\AdoDB.h">
      <Filter>UtilCore\DB\ADO</Filter>
    </ClInclude>
    <ClInclude Include="..\..\..\..\Library\UtilCore\JSON\RapidJSONUtil.h">
      <Filter>UtilCore\JSON</Filter>
    </ClInclude>
    <ClInclude Include="..\..\..\..\Library\UtilCore\Memory\Allocator.h">
      <Filter>UtilCore\Memory</Filter>
    </ClInclude>
    <ClInclude Include="..\..\..\..\Library\UtilCore\Memory\Containers.h">
      <Filter>UtilCore\Memory</Filter>
    </ClInclude>
    <ClInclude Include="..\..\..\..\Library\UtilCore\Memory\Memory.h">
      <Filter>UtilCore\Memory</Filter>
    </ClInclude>
    <ClInclude Include="..\..\..\..\Library\UtilCore\Memory\MemoryPool.h">
      <Filter>UtilCore\Memory</Filter>
    </ClInclude>
    <ClInclude Include="..\..\..\..\Library\UtilCore\Memory\RawAllocator.h">
      <Filter>UtilCore\Memory</Filter>
    </ClInclude>
    <ClInclude Include="..\..\..\..\Library\UtilCore\Thread\CacheAlignment.h">
      <Filter>UtilCore\Thread</Filter>
    </ClInclude>
    <ClInclude Include="..\..\..\..\Library\UtilCore\Thread\DeadLockProfiler.h">
      <Filter>UtilCore\Thread</Filter>
    </ClInclude>
    <ClInclude Include="..\..\..\..\Library\UtilCore\Thread\SpinLock.h">
      <Filter>UtilCore\Thread</Filter>
    </ClInclude>
    <ClInclude Include="..\..\..\..\Library\UtilCore\Thread\ThreadManager.h">
      <Filter>UtilCore\Thread</Filter>
    </ClInclude>
    <ClInclude Include="..\..\..\..\Library\UtilCore\Util\CommonUtil.h">
      <Filter>UtilCore\Util</Filter>
    </ClInclude>
    <ClInclude Include="..\..\..\..\Library\UtilCore\Util\Log.h">
      <Filter>UtilCore\Util</Filter>
    </ClInclude>
    <ClInclude Include="..\..\..\..\Library\UtilCore\DB\DBAsyncSrv.h">
      <Filter>UtilCore\DB</Filter>
    </ClInclude>
    <ClInclude Include="..\..\..\..\Library\UtilCore\DB\DBEnum.h">
      <Filter>UtilCore\DB</Filter>
    </ClInclude>
    <ClInclude Include="..\..\..\..\Library\UtilCore\BaseDefine.h">
      <Filter>UtilCore</Filter>
    </ClInclude>
    <ClInclude Include="..\..\..\..\Library\UtilCore\BaseGlobal.h">
      <Filter>UtilCore</Filter>
    </ClInclude>
    <ClInclude Include="..\..\..\..\Library\UtilCore\BaseMacro.h">
      <Filter>UtilCore</Filter>
    </ClInclude>
    <ClInclude Include="..\..\..\..\Library\UtilCore\BaseRedefineDataType.h">
      <Filter>UtilCore</Filter>
    </ClInclude>
    <ClInclude Include="..\..\..\..\Library\UtilCore\BaseTLS.h">
      <Filter>UtilCore</Filter>
    </ClInclude>
    <ClInclude Include="..\..\..\..\Library\UtilCore\ServerConfig.h">
      <Filter>UtilCore</Filter>
    </ClInclude>
    <ClInclude Include="..\..\..\..\Library\UtilCore\ServerConnectInfo.h">
      <Filter>UtilCore</Filter>
    </ClInclude>
    <ClInclude Include="DBAsyncHandler.h" />
    <ClInclude Include="DBAsyncStruct.h" />
    <ClInclude Include="pch.h" />
    <ClInclude Include="..\..\..\..\Library\UtilCore\DB\ADO\AdoConnPool.h">
      <Filter>UtilCore\DB\ADO</Filter>
    </ClInclude>
    <ClInclude Include="..\..\..\..\Library\UtilCore\DB\ADO\AdoAsyncSrv.h">
      <Filter>UtilCore\DB\ADO</Filter>
    </ClInclude>
    <ClInclude Include="..\..\..\..\Library\UtilCore\Memory\Singleton.h">
      <Filter>UtilCore\Memory</Filter>
    </ClInclude>
    <ClInclude Include="..\..\..\..\Library\UtilCore\Util\WinCharsetConv.h">
      <Filter>UtilCore\Util</Filter>
    </ClInclude>
    <ClInclude Include="..\..\..\..\Library\UtilCore\Util\EncodingConvert.h">
      <Filter>UtilCore\Util</Filter>
    </ClInclude>
    <ClInclude Include="..\..\..\..\Library\UtilCore\Containers\Queue\ChunkedSwapQueue.h">
      <Filter>UtilCore\Containers\Queue</Filter>
    </ClInclude>
    <ClInclude Include="..\..\..\..\Library\UtilCore\Containers\Queue\DelayedTaskQueue.h">
      <Filter>UtilCore\Containers\Queue</Filter>
    </ClInclude>
    <ClInclude Include="..\..\..\..\Library\UtilCore\Thread\PlatformLock.h">
      <Filter>UtilCore\Thread</Filter>
    </ClInclude>
    <ClInclude Include="..\..\..\..\Library\UtilCore\Thread\SRWLock.h">
      <Filter>UtilCore\Thread</Filter>
    </ClInclude>
    <ClInclude Include="..\..\..\..\Library\UtilCore\Containers\Queue\QueueCommon.h">
      <Filter>UtilCore\Containers\Queue</Filter>
    </ClInclude>
  </ItemGroup>
  <ItemGroup>
    <None Include="..\..\..\..\Library\UtilCore\JSON\RapidJSONUtil.inl">
      <Filter>UtilCore\JSON</Filter>
    </None>
    <None Include="..\..\..\..\Library\UtilCore\Thread\SpinLock.inl">
      <Filter>UtilCore\Thread</Filter>
    </None>
    <None Include="..\..\..\..\Library\UtilCore\Memory\Singleton.inl">
      <Filter>UtilCore\Memory</Filter>
    </None>
  </ItemGroup>
</Project>