<?xml version="1.0" encoding="utf-8"?>
<Project ToolsVersion="4.0" xmlns="http://schemas.microsoft.com/developer/msbuild/2003">
  <ItemGroup>
    <ClCompile Include="ODBCAsync.cpp" />
    <ClCompile Include="pch.cpp" />
    <ClCompile Include="..\..\..\..\Library\UtilCore\BaseTLS.cpp">
      <Filter>UtilCore</Filter>
    </ClCompile>
    <ClCompile Include="..\..\..\..\Library\UtilCore\DB\BaseODBC.cpp">
      <Filter>UtilCore\DB</Filter>
    </ClCompile>
    <ClCompile Include="..\..\..\..\Library\UtilCore\Util\Log.cpp">
      <Filter>UtilCore\Util</Filter>
    </ClCompile>
    <ClCompile Include="..\..\..\..\Library\UtilCore\BaseGlobal.cpp">
      <Filter>UtilCore</Filter>
    </ClCompile>
    <ClCompile Include="..\..\..\..\Library\UtilCore\Thread\ThreadManager.cpp">
      <Filter>UtilCore\Thread</Filter>
    </ClCompile>
    <ClCompile Include="..\..\..\..\Library\UtilCore\DB\OdbcAsyncSrv.cpp">
      <Filter>UtilCore\DB</Filter>
    </ClCompile>
    <ClCompile Include="..\..\..\..\Library\UtilCore\DB\OdbcConnPool.cpp">
      <Filter>UtilCore\DB</Filter>
    </ClCompile>
    <ClCompile Include="..\..\..\..\Library\UtilCore\ServerConfig.cpp">
      <Filter>UtilCore</Filter>
    </ClCompile>
    <ClCompile Include="..\..\..\..\Library\UtilCore\Util\CommonUtil.cpp">
      <Filter>UtilCore\Util</Filter>
    </ClCompile>
    <ClCompile Include="DBAsyncHandler.cpp" />
    <ClCompile Include="..\..\..\..\Library\UtilCore\JSON\RapidJSONUtil.cpp">
      <Filter>UtilCore\JSON</Filter>
    </ClCompile>
    <ClCompile Include="..\..\..\..\Library\UtilCore\Memory\Allocator.cpp">
      <Filter>UtilCore\Memory</Filter>
    </ClCompile>
    <ClCompile Include="..\..\..\..\Library\UtilCore\Memory\Memory.cpp">
      <Filter>UtilCore\Memory</Filter>
    </ClCompile>
    <ClCompile Include="..\..\..\..\Library\UtilCore\Memory\MemoryPool.cpp">
      <Filter>UtilCore\Memory</Filter>
    </ClCompile>
    <ClCompile Include="..\..\..\..\Library\UtilCore\Thread\DeadLockProfiler.cpp">
      <Filter>UtilCore\Thread</Filter>
    </ClCompile>
    <ClCompile Include="..\..\..\..\Library\UtilCore\Util\WinCharsetConv.cpp">
      <Filter>UtilCore\Util</Filter>
    </ClCompile>
    <ClCompile Include="..\..\..\..\Library\UtilCore\Util\EncodingConvert.cpp">
      <Filter>UtilCore\Util</Filter>
    </ClCompile>
    <ClCompile Include="..\..\..\..\Library\UtilCore\Thread\SRWLock.cpp">
      <Filter>UtilCore\Thread</Filter>
    </ClCompile>
  </ItemGroup>
  <ItemGroup>
    <ClInclude Include="pch.h" />
    <ClInclude Include="..\..\..\..\Library\UtilCore\BaseDefine.h">
      <Filter>UtilCore</Filter>
    </ClInclude>
    <ClInclude Include="..\..\..\..\Library\UtilCore\BaseMacro.h">
      <Filter>UtilCore</Filter>
    </ClInclude>
    <ClInclude Include="..\..\..\..\Library\UtilCore\BaseRedefineDataType.h">
      <Filter>UtilCore</Filter>
    </ClInclude>
    <ClInclude Include="..\..\..\..\Library\UtilCore\BaseTLS.h">
      <Filter>UtilCore</Filter>
    </ClInclude>
    <ClInclude Include="..\..\..\..\Library\UtilCore\DB\BaseODBC.h">
      <Filter>UtilCore\DB</Filter>
    </ClInclude>
    <ClInclude Include="..\..\..\..\Library\UtilCore\DB\DBEnum.h">
      <Filter>UtilCore\DB</Filter>
    </ClInclude>
    <ClInclude Include="..\..\..\..\Library\UtilCore\Util\Log.h">
      <Filter>UtilCore\Util</Filter>
    </ClInclude>
    <ClInclude Include="..\..\..\..\Library\UtilCore\BaseGlobal.h">
      <Filter>UtilCore</Filter>
    </ClInclude>
    <ClInclude Include="..\..\..\..\Library\UtilCore\Thread\ThreadManager.h">
      <Filter>UtilCore\Thread</Filter>
    </ClInclude>
    <ClInclude Include="..\..\..\..\Library\UtilCore\DB\OdbcAsyncSrv.h">
      <Filter>UtilCore\DB</Filter>
    </ClInclude>
    <ClInclude Include="..\..\..\..\Library\UtilCore\DB\OdbcConnPool.h">
      <Filter>UtilCore\DB</Filter>
    </ClInclude>
    <ClInclude Include="..\..\..\..\Library\UtilCore\DB\DBAsyncSrv.h">
      <Filter>UtilCore\DB</Filter>
    </ClInclude>
    <ClInclude Include="..\..\..\..\Library\UtilCore\ServerConfig.h">
      <Filter>UtilCore</Filter>
    </ClInclude>
    <ClInclude Include="..\..\..\..\Library\UtilCore\ServerConnectInfo.h">
      <Filter>UtilCore</Filter>
    </ClInclude>
    <ClInclude Include="..\..\..\..\Library\UtilCore\Util\CommonUtil.h">
      <Filter>UtilCore\Util</Filter>
    </ClInclude>
    <ClInclude Include="..\..\..\..\Library\UtilCore\Memory\Containers.h">
      <Filter>UtilCore\Memory</Filter>
    </ClInclude>
    <ClInclude Include="DBAsyncHandler.h" />
    <ClInclude Include="DBAsyncStruct.h" />
    <ClInclude Include="..\..\..\..\Library\UtilCore\JSON\RapidJSONUtil.h">
      <Filter>UtilCore\JSON</Filter>
    </ClInclude>
    <ClInclude Include="..\..\..\..\Library\UtilCore\Memory\RawAllocator.h">
      <Filter>UtilCore\Memory</Filter>
    </ClInclude>
    <ClInclude Include="..\..\..\..\Library\UtilCore\Memory\Allocator.h">
      <Filter>UtilCore\Memory</Filter>
    </ClInclude>
    <ClInclude Include="..\..\..\..\Library\UtilCore\Memory\Memory.h">
      <Filter>UtilCore\Memory</Filter>
    </ClInclude>
    <ClInclude Include="..\..\..\..\Library\UtilCore\Memory\MemoryPool.h">
      <Filter>UtilCore\Memory</Filter>
    </ClInclude>
    <ClInclude Include="..\..\..\..\Library\UtilCore\Thread\DeadLockProfiler.h">
      <Filter>UtilCore\Thread</Filter>
    </ClInclude>
    <ClInclude Include="..\..\..\..\Library\UtilCore\Thread\CacheAlignment.h">
      <Filter>UtilCore\Thread</Filter>
    </ClInclude>
    <ClInclude Include="..\..\..\..\Library\UtilCore\Memory\Singleton.h">
      <Filter>UtilCore\Memory</Filter>
    </ClInclude>
    <ClInclude Include="..\..\..\..\Library\UtilCore\Util\WinCharsetConv.h">
      <Filter>UtilCore\Util</Filter>
    </ClInclude>
    <ClInclude Include="..\..\..\..\Library\UtilCore\Util\EncodingConvert.h">
      <Filter>UtilCore\Util</Filter>
    </ClInclude>
    <ClInclude Include="..\..\..\..\Library\UtilCore\Thread\SpinLock.h">
      <Filter>UtilCore\Thread</Filter>
    </ClInclude>
    <ClInclude Include="..\..\..\..\Library\UtilCore\Containers\Queue\ChunkedSwapQueue.h">
      <Filter>UtilCore\Containers\Queue</Filter>
    </ClInclude>
    <ClInclude Include="..\..\..\..\Library\UtilCore\Containers\Queue\DelayedTaskQueue.h">
      <Filter>UtilCore\Containers\Queue</Filter>
    </ClInclude>
    <ClInclude Include="..\..\..\..\Library\UtilCore\Containers\Queue\QueueCommon.h">
      <Filter>UtilCore\Containers\Queue</Filter>
    </ClInclude>
    <ClInclude Include="..\..\..\..\Library\UtilCore\Thread\PlatformLock.h">
      <Filter>UtilCore\Thread</Filter>
    </ClInclude>
    <ClInclude Include="..\..\..\..\Library\UtilCore\Thread\SRWLock.h">
      <Filter>UtilCore\Thread</Filter>
    </ClInclude>
  </ItemGroup>
  <ItemGroup>
    <Filter Include="UtilCore">
      <UniqueIdentifier>{a6e2b072-026d-40f1-b094-0133241e0c63}</UniqueIdentifier>
    </Filter>
    <Filter Include="UtilCore\DB">
      <UniqueIdentifier>{a33c44d0-69ac-4c11-9b7f-1d4ff482ee09}</UniqueIdentifier>
    </Filter>
    <Filter Include="UtilCore\Util">
      <UniqueIdentifier>{f48b4177-f769-478f-a995-c119bd72c8fa}</UniqueIdentifier>
    </Filter>
    <Filter Include="UtilCore\Thread">
      <UniqueIdentifier>{042e256d-51cf-4f45-b289-b73fb4ca6d78}</UniqueIdentifier>
    </Filter>
    <Filter Include="UtilCore\Memory">
      <UniqueIdentifier>{9448da50-2d7a-4b95-9a47-7ac0ae563022}</UniqueIdentifier>
    </Filter>
    <Filter Include="UtilCore\JSON">
      <UniqueIdentifier>{7e08dc48-282f-4ba0-a9ce-088909045345}</UniqueIdentifier>
    </Filter>
    <Filter Include="UtilCore\Containers">
      <UniqueIdentifier>{83517eb9-d114-4138-8db0-087a722d80fa}</UniqueIdentifier>
    </Filter>
    <Filter Include="UtilCore\Containers\Queue">
      <UniqueIdentifier>{919d89b8-bb9f-47cd-90e2-6efa191d098e}</UniqueIdentifier>
    </Filter>
  </ItemGroup>
  <ItemGroup>
    <None Include="..\..\..\..\Library\UtilCore\DB\BaseODBC.inl">
      <Filter>UtilCore\DB</Filter>
    </None>
    <None Include="..\..\..\..\Library\UtilCore\DB\DB_ColAttr.inl">
      <Filter>UtilCore\DB</Filter>
    </None>
    <None Include="..\..\..\..\Library\UtilCore\DB\DB_Error.inl">
      <Filter>UtilCore\DB</Filter>
    </None>
    <None Include="..\..\..\..\Library\UtilCore\DB\DB_ParamAttr.inl">
      <Filter>UtilCore\DB</Filter>
    </None>
    <None Include="..\..\..\..\Library\UtilCore\JSON\RapidJSONUtil.inl">
      <Filter>UtilCore\JSON</Filter>
    </None>
    <None Include="..\..\..\..\Library\UtilCore\Memory\Singleton.inl">
      <Filter>UtilCore\Memory</Filter>
    </None>
    <None Include="..\..\..\..\Library\UtilCore\Thread\SpinLock.inl">
      <Filter>UtilCore\Thread</Filter>
    </None>
  </ItemGroup>
</Project>